
Microsoft Visual Studio Solution File, Format Version 12.00
# Visual Studio Version 17
VisualStudioVersion = 17.0.32112.339
MinimumVisualStudioVersion = 10.0.40219.1
Project("{9A19103F-16F7-4668-BE54-9A1E7A4F7556}") = "DevFreela.API", "DevFreela.API\DevFreela.API.csproj", "{078CD780-D26F-47D3-BD6F-E523281EA384}"
EndProject
Project("{2150E333-8FDC-42A3-9474-1A3956D46DE8}") = "Solution Items", "Solution Items", "{AA1A58B2-9AFC-41F5-A5B7-31BA00B0B873}"
EndProject
Project("{9A19103F-16F7-4668-BE54-9A1E7A4F7556}") = "DevFreela.Core", "DevFreela.Core\DevFreela.Core.csproj", "{B1393930-E6BB-4EEB-9F98-F6106891953A}"
EndProject
Project("{FAE04EC0-301F-11D3-BF4B-00C04F79EFBC}") = "DevFreela.Infrastructure", "DevFreela.Infrastructure\DevFreela.Infrastructure.csproj", "{86A5857A-CC33-483F-80CC-BE176EA54A4B}"
EndProject
Global
	GlobalSection(SolutionConfigurationPlatforms) = preSolution
		Debug|Any CPU = Debug|Any CPU
		Release|Any CPU = Release|Any CPU
	EndGlobalSection
	GlobalSection(ProjectConfigurationPlatforms) = postSolution
		{078CD780-D26F-47D3-BD6F-E523281EA384}.Debug|Any CPU.ActiveCfg = Debug|Any CPU
		{078CD780-D26F-47D3-BD6F-E523281EA384}.Debug|Any CPU.Build.0 = Debug|Any CPU
		{078CD780-D26F-47D3-BD6F-E523281EA384}.Release|Any CPU.ActiveCfg = Release|Any CPU
		{078CD780-D26F-47D3-BD6F-E523281EA384}.Release|Any CPU.Build.0 = Release|Any CPU
		{B1393930-E6BB-4EEB-9F98-F6106891953A}.Debug|Any CPU.ActiveCfg = Debug|Any CPU
		{B1393930-E6BB-4EEB-9F98-F6106891953A}.Debug|Any CPU.Build.0 = Debug|Any CPU
		{B1393930-E6BB-4EEB-9F98-F6106891953A}.Release|Any CPU.ActiveCfg = Release|Any CPU
		{B1393930-E6BB-4EEB-9F98-F6106891953A}.Release|Any CPU.Build.0 = Release|Any CPU
		{86A5857A-CC33-483F-80CC-BE176EA54A4B}.Debug|Any CPU.ActiveCfg = Debug|Any CPU
		{86A5857A-CC33-483F-80CC-BE176EA54A4B}.Debug|Any CPU.Build.0 = Debug|Any CPU
		{86A5857A-CC33-483F-80CC-BE176EA54A4B}.Release|Any CPU.ActiveCfg = Release|Any CPU
		{86A5857A-CC33-483F-80CC-BE176EA54A4B}.Release|Any CPU.Build.0 = Release|Any CPU
	EndGlobalSection
	GlobalSection(SolutionProperties) = preSolution
		HideSolutionNode = FALSE
	EndGlobalSection
	GlobalSection(ExtensibilityGlobals) = postSolution
		SolutionGuid = {8ECCB162-B602-4E33-8445-69299145DE88}
	EndGlobalSection
EndGlobal
